
Microsoft Visual Studio Solution File, Format Version 12.00
# Visual Studio Version 16
VisualStudioVersion = 16.0.31229.75
MinimumVisualStudioVersion = 10.0.40219.1
Project("{9A19103F-16F7-4668-BE54-9A1E7A4F7556}") = "MongoDemo", "MongoDemo.csproj", "{61B68353-9312-4E66-9B69-5106426B4C09}"
EndProject
Global
	GlobalSection(SolutionConfigurationPlatforms) = preSolution
		Debug|Any CPU = Debug|Any CPU
		Release|Any CPU = Release|Any CPU
	EndGlobalSection
	GlobalSection(ProjectConfigurationPlatforms) = postSolution
		{61B68353-9312-4E66-9B69-5106426B4C09}.Debug|Any CPU.ActiveCfg = Debug|Any CPU
		{61B68353-9312-4E66-9B69-5106426B4C09}.Debug|Any CPU.Build.0 = Debug|Any CPU
		{61B68353-9312-4E66-9B69-5106426B4C09}.Release|Any CPU.ActiveCfg = Release|Any CPU
		{61B68353-9312-4E66-9B69-5106426B4C09}.Release|Any CPU.Build.0 = Release|Any CPU
	EndGlobalSection
	GlobalSection(SolutionProperties) = preSolution
		HideSolutionNode = FALSE
	EndGlobalSection
	GlobalSection(ExtensibilityGlobals) = postSolution
		SolutionGuid = {0A9A3EAA-0152-4115-AEF7-6CEA28DE384D}
	EndGlobalSection
EndGlobal
